{
  "originHash" : "96b9325833a86efb166e40586a6b252973a21027b34f127b6fc8fe8f7c6d4aff",
  "pins" : [
    {
      "identity" : "libdc-swift",
      "kind" : "remoteSourceControl",
      "location" : "https://github.com/houle988/libdc-swift",
      "state" : {
        "branch" : "working",
        "revision" : "c7288c733bac5878e1e0d6f1ab5940215545d015"
      }
    }
  ],
  "version" : 3
}
