{
  "originHash" : "30ba3e718ee37735705b6456fd8e51a640a6551b6bf12e9d61b0a118efa71b0c",
  "pins" : [
    {
      "identity" : "libdc-swift",
      "kind" : "remoteSourceControl",
      "location" : "https://github.com/jdevost/libdc-swift",
      "state" : {
        "branch" : "libdivecomputer-update",
        "revision" : "3c3686b5a22dac55eabb126cc52a7b71da471b66"
      }
    }
  ],
  "version" : 3
}
