{
  "originHash" : "30ba3e718ee37735705b6456fd8e51a640a6551b6bf12e9d61b0a118efa71b0c",
  "pins" : [
    {
      "identity" : "libdc-swift",
      "kind" : "remoteSourceControl",
      "location" : "https://github.com/jdevost/libdc-swift",
      "state" : {
        "revision" : "37c799c742b3bc624ac117bdeaf802da31051992"
      }
    }
  ],
  "version" : 3
}
